
Microsoft Visual Studio Solution File, Format Version 12.00
# Visual Studio Version 16
VisualStudioVersion = 16.0.31605.320
MinimumVisualStudioVersion = 10.0.40219.1
Project("{FAE04EC0-301F-11D3-BF4B-00C04F79EFBC}") = "HW.Lesson1", "HW.Lesson1.csproj", "{716BCE99-D5A6-4EC4-828A-C7B4C07652BF}"
EndProject
Project("{FAE04EC0-301F-11D3-BF4B-00C04F79EFBC}") = "HW.Lesson1.Task1", "..\HW.Lesson1.Task1\HW.Lesson1.Task1.csproj", "{D8AD762A-848D-42E7-B162-A318676C6864}"
EndProject
Project("{FAE04EC0-301F-11D3-BF4B-00C04F79EFBC}") = "HW.Lesson1.Task2", "..\HW.Lesson1.Task2\HW.Lesson1.Task2.csproj", "{B68713C6-C42A-4CED-8115-CBE4655AF0A5}"
EndProject
Global
	GlobalSection(SolutionConfigurationPlatforms) = preSolution
		Debug|Any CPU = Debug|Any CPU
		Release|Any CPU = Release|Any CPU
	EndGlobalSection
	GlobalSection(ProjectConfigurationPlatforms) = postSolution
		{716BCE99-D5A6-4EC4-828A-C7B4C07652BF}.Debug|Any CPU.ActiveCfg = Debug|Any CPU
		{716BCE99-D5A6-4EC4-828A-C7B4C07652BF}.Debug|Any CPU.Build.0 = Debug|Any CPU
		{716BCE99-D5A6-4EC4-828A-C7B4C07652BF}.Release|Any CPU.ActiveCfg = Release|Any CPU
		{716BCE99-D5A6-4EC4-828A-C7B4C07652BF}.Release|Any CPU.Build.0 = Release|Any CPU
		{D8AD762A-848D-42E7-B162-A318676C6864}.Debug|Any CPU.ActiveCfg = Debug|Any CPU
		{D8AD762A-848D-42E7-B162-A318676C6864}.Debug|Any CPU.Build.0 = Debug|Any CPU
		{D8AD762A-848D-42E7-B162-A318676C6864}.Release|Any CPU.ActiveCfg = Release|Any CPU
		{D8AD762A-848D-42E7-B162-A318676C6864}.Release|Any CPU.Build.0 = Release|Any CPU
		{B68713C6-C42A-4CED-8115-CBE4655AF0A5}.Debug|Any CPU.ActiveCfg = Debug|Any CPU
		{B68713C6-C42A-4CED-8115-CBE4655AF0A5}.Debug|Any CPU.Build.0 = Debug|Any CPU
		{B68713C6-C42A-4CED-8115-CBE4655AF0A5}.Release|Any CPU.ActiveCfg = Release|Any CPU
		{B68713C6-C42A-4CED-8115-CBE4655AF0A5}.Release|Any CPU.Build.0 = Release|Any CPU
	EndGlobalSection
	GlobalSection(SolutionProperties) = preSolution
		HideSolutionNode = FALSE
	EndGlobalSection
	GlobalSection(ExtensibilityGlobals) = postSolution
		SolutionGuid = {85232E1F-AC4A-4AD8-ADCD-1E65E6D5B2D3}
	EndGlobalSection
EndGlobal
